
Microsoft Visual Studio Solution File, Format Version 12.00
# Visual Studio 15
VisualStudioVersion = 15.0.27130.2027
MinimumVisualStudioVersion = 10.0.40219.1
Project("{FAE04EC0-301F-11D3-BF4B-00C04F79EFBC}") = "nilnul._bit_._LIB_", "nilnul._bit_._LIB_.csproj", "{2B9C3663-6FCD-4E22-A410-273B0CBA60CB}"
EndProject
Global
	GlobalSection(SolutionConfigurationPlatforms) = preSolution
		_Temp|Any CPU = _Temp|Any CPU
		Debug|Any CPU = Debug|Any CPU
		debug2pub|Any CPU = debug2pub|Any CPU
		hbue__deptS_ccpOrg___release|Any CPU = hbue__deptS_ccpOrg___release|Any CPU
		hbue__deptS_ccpOrg|Any CPU = hbue__deptS_ccpOrg|Any CPU
		Hbue40|Any CPU = Hbue40|Any CPU
		PreferChinese|Any CPU = PreferChinese|Any CPU
		Release_PreferChinese|Any CPU = Release_PreferChinese|Any CPU
		Release|Any CPU = Release|Any CPU
		test_release|Any CPU = test_release|Any CPU
	EndGlobalSection
	GlobalSection(ProjectConfigurationPlatforms) = postSolution
		{2B9C3663-6FCD-4E22-A410-273B0CBA60CB}._Temp|Any CPU.ActiveCfg = _Temp|Any CPU
		{2B9C3663-6FCD-4E22-A410-273B0CBA60CB}._Temp|Any CPU.Build.0 = _Temp|Any CPU
		{2B9C3663-6FCD-4E22-A410-273B0CBA60CB}.Debug|Any CPU.ActiveCfg = Debug|Any CPU
		{2B9C3663-6FCD-4E22-A410-273B0CBA60CB}.Debug|Any CPU.Build.0 = Debug|Any CPU
		{2B9C3663-6FCD-4E22-A410-273B0CBA60CB}.debug2pub|Any CPU.ActiveCfg = debug2pub|Any CPU
		{2B9C3663-6FCD-4E22-A410-273B0CBA60CB}.debug2pub|Any CPU.Build.0 = debug2pub|Any CPU
		{2B9C3663-6FCD-4E22-A410-273B0CBA60CB}.hbue__deptS_ccpOrg___release|Any CPU.ActiveCfg = hbue__deptS_ccpOrg___release|Any CPU
		{2B9C3663-6FCD-4E22-A410-273B0CBA60CB}.hbue__deptS_ccpOrg___release|Any CPU.Build.0 = hbue__deptS_ccpOrg___release|Any CPU
		{2B9C3663-6FCD-4E22-A410-273B0CBA60CB}.hbue__deptS_ccpOrg|Any CPU.ActiveCfg = hbue__deptS_ccpOrg|Any CPU
		{2B9C3663-6FCD-4E22-A410-273B0CBA60CB}.hbue__deptS_ccpOrg|Any CPU.Build.0 = hbue__deptS_ccpOrg|Any CPU
		{2B9C3663-6FCD-4E22-A410-273B0CBA60CB}.Hbue40|Any CPU.ActiveCfg = Hbue40|Any CPU
		{2B9C3663-6FCD-4E22-A410-273B0CBA60CB}.Hbue40|Any CPU.Build.0 = Hbue40|Any CPU
		{2B9C3663-6FCD-4E22-A410-273B0CBA60CB}.PreferChinese|Any CPU.ActiveCfg = PreferChinese|Any CPU
		{2B9C3663-6FCD-4E22-A410-273B0CBA60CB}.PreferChinese|Any CPU.Build.0 = PreferChinese|Any CPU
		{2B9C3663-6FCD-4E22-A410-273B0CBA60CB}.Release_PreferChinese|Any CPU.ActiveCfg = Release_PreferChinese|Any CPU
		{2B9C3663-6FCD-4E22-A410-273B0CBA60CB}.Release_PreferChinese|Any CPU.Build.0 = Release_PreferChinese|Any CPU
		{2B9C3663-6FCD-4E22-A410-273B0CBA60CB}.Release|Any CPU.ActiveCfg = Release|Any CPU
		{2B9C3663-6FCD-4E22-A410-273B0CBA60CB}.Release|Any CPU.Build.0 = Release|Any CPU
		{2B9C3663-6FCD-4E22-A410-273B0CBA60CB}.test_release|Any CPU.ActiveCfg = test_release|Any CPU
		{2B9C3663-6FCD-4E22-A410-273B0CBA60CB}.test_release|Any CPU.Build.0 = test_release|Any CPU
	EndGlobalSection
	GlobalSection(SolutionProperties) = preSolution
		HideSolutionNode = FALSE
	EndGlobalSection
	GlobalSection(ExtensibilityGlobals) = postSolution
		SolutionGuid = {28AFB7F1-D9B8-4E2B-A5E8-208026E40AC7}
	EndGlobalSection
EndGlobal
